PODS:
  - Fuzi (0.3.1)
  - MagicalRecord/Shorthand (2.2)
  - MXParallaxHeader (0.5.0)

DEPENDENCIES:
  - Fuzi (~> 0.3.0)
  - MagicalRecord/Shorthand
  - MXParallaxHeader (= 0.5.0)

SPEC CHECKSUMS:
  Fuzi: 25118b725a1637f1676f63ae1acbba1f30a5dd6c
  MagicalRecord: 2dc87179ae7c1f2a274442624ec65a07d4357a6f
  MXParallaxHeader: c7dfdf8d769a8eb868a431ec3aeaf994a147b8bc

COCOAPODS: 0.39.0
